
Microsoft Visual Studio Solution File, Format Version 12.00
# Visual Studio Version 17
VisualStudioVersion = 17.3.32825.248
MinimumVisualStudioVersion = 10.0.40219.1
Project("{9A19103F-16F7-4668-BE54-9A1E7A4F7556}") = "MySchoolCalcServer", "MySchoolCalcServer\MySchoolCalcServer.csproj", "{FD85F961-2E80-4EAE-9943-B2AEA0187535}"
EndProject
Project("{9A19103F-16F7-4668-BE54-9A1E7A4F7556}") = "MySchoolCalcClient", "MySchoolCalcClient\MySchoolCalcClient.csproj", "{7C58AF28-2323-4654-B285-C1A9369ABE7D}"
EndProject
Global
	GlobalSection(SolutionConfigurationPlatforms) = preSolution
		Debug|Any CPU = Debug|Any CPU
		Release|Any CPU = Release|Any CPU
	EndGlobalSection
	GlobalSection(ProjectConfigurationPlatforms) = postSolution
		{FD85F961-2E80-4EAE-9943-B2AEA0187535}.Debug|Any CPU.ActiveCfg = Debug|Any CPU
		{FD85F961-2E80-4EAE-9943-B2AEA0187535}.Debug|Any CPU.Build.0 = Debug|Any CPU
		{FD85F961-2E80-4EAE-9943-B2AEA0187535}.Release|Any CPU.ActiveCfg = Release|Any CPU
		{FD85F961-2E80-4EAE-9943-B2AEA0187535}.Release|Any CPU.Build.0 = Release|Any CPU
		{7C58AF28-2323-4654-B285-C1A9369ABE7D}.Debug|Any CPU.ActiveCfg = Debug|Any CPU
		{7C58AF28-2323-4654-B285-C1A9369ABE7D}.Debug|Any CPU.Build.0 = Debug|Any CPU
		{7C58AF28-2323-4654-B285-C1A9369ABE7D}.Release|Any CPU.ActiveCfg = Release|Any CPU
		{7C58AF28-2323-4654-B285-C1A9369ABE7D}.Release|Any CPU.Build.0 = Release|Any CPU
	EndGlobalSection
	GlobalSection(SolutionProperties) = preSolution
		HideSolutionNode = FALSE
	EndGlobalSection
	GlobalSection(ExtensibilityGlobals) = postSolution
		SolutionGuid = {B614D8EE-C737-4069-B2A1-8CC147C4BCD8}
	EndGlobalSection
EndGlobal
